{
  "requires": true,
  "lockfileVersion": 1,
  "dependencies": {
    "cookie": {
      "version": "0.3.1",
      "resolved": "https://registry.npmjs.org/cookie/-/cookie-0.3.1.tgz",
      "integrity": "sha1-5+Ch+e9DtMi6klxcWpboBtFoc7s="
    },
    "hoist-non-react-statics": {
      "version": "2.5.5",
      "resolved": "https://registry.npmjs.org/hoist-non-react-statics/-/hoist-non-react-statics-2.5.5.tgz",
      "integrity": "sha512-rqcy4pJo55FTTLWt+bU8ukscqHeE/e9KWvsOW2b/a3afxQZhwkQdT1rPPCJ0rYXdj4vNcasY8zHTH+jF/qStxw=="
    },
    "object-assign": {
      "version": "4.1.1",
      "resolved": "https://registry.npmjs.org/object-assign/-/object-assign-4.1.1.tgz",
      "integrity": "sha1-IQmtx5ZYh8/AXLvUQsrIv7s2CGM="
    },
    "react-switch-lang": {
      "version": "1.0.2",
      "resolved": "https://registry.npmjs.org/react-switch-lang/-/react-switch-lang-1.0.2.tgz",
      "integrity": "sha512-hfwbeIQLwOF1Mifu/7xGhV9QOUgdqgugwj0UOqSmnBctlQaX1+bcUkynO1h+2Nb+d/tISAOlbnGt6fT5nDraKg==",
      "requires": {
        "hoist-non-react-statics": "^2.5.5",
        "object-assign": "^4.1.1",
        "universal-cookie": "^2.2.0"
      }
    },
    "universal-cookie": {
      "version": "2.2.0",
      "resolved": "https://registry.npmjs.org/universal-cookie/-/universal-cookie-2.2.0.tgz",
      "integrity": "sha512-weEuvQvnMs74WGwqKSbeapCRv/7ATHDCqrfZtj579r3fQCxcwtoXYMoaZ8YOCQga/ctQTYy20xMOH1u7cAAU6w==",
      "requires": {
        "cookie": "^0.3.1",
        "object-assign": "^4.1.0"
      }
    }
  }
}
